
Microsoft Visual Studio Solution File, Format Version 12.00
# Visual Studio Version 17
VisualStudioVersion = 17.8.34408.163
MinimumVisualStudioVersion = 10.0.40219.1
Project("{FAE04EC0-301F-11D3-BF4B-00C04F79EFBC}") = "livrable", "livrable.csproj", "{E7A88AC7-B6EE-469E-8512-FD327D611D46}"
EndProject
Global
	GlobalSection(SolutionConfigurationPlatforms) = preSolution
		Debug|Any CPU = Debug|Any CPU
		Release|Any CPU = Release|Any CPU
	EndGlobalSection
	GlobalSection(ProjectConfigurationPlatforms) = postSolution
		{E7A88AC7-B6EE-469E-8512-FD327D611D46}.Debug|Any CPU.ActiveCfg = Debug|Any CPU
		{E7A88AC7-B6EE-469E-8512-FD327D611D46}.Debug|Any CPU.Build.0 = Debug|Any CPU
		{E7A88AC7-B6EE-469E-8512-FD327D611D46}.Release|Any CPU.ActiveCfg = Release|Any CPU
		{E7A88AC7-B6EE-469E-8512-FD327D611D46}.Release|Any CPU.Build.0 = Release|Any CPU
	EndGlobalSection
	GlobalSection(SolutionProperties) = preSolution
		HideSolutionNode = FALSE
	EndGlobalSection
	GlobalSection(ExtensibilityGlobals) = postSolution
		SolutionGuid = {4E59A57F-2108-414B-A6BA-4DE204AA77B7}
	EndGlobalSection
EndGlobal
